
Microsoft Visual Studio Solution File, Format Version 12.00
# Visual Studio Version 16
VisualStudioVersion = 16.0.29306.81
MinimumVisualStudioVersion = 10.0.40219.1
Project("{FAE04EC0-301F-11D3-BF4B-00C04F79EFBC}") = "AdvancedPortfolio01-KevinTran", "AdvancedPortfolio01-KevinTran.csproj", "{ADA54801-DB59-4EB2-B8CB-40E86D406737}"
EndProject
Global
	GlobalSection(SolutionConfigurationPlatforms) = preSolution
		Debug|Any CPU = Debug|Any CPU
		Release|Any CPU = Release|Any CPU
	EndGlobalSection
	GlobalSection(ProjectConfigurationPlatforms) = postSolution
		{ADA54801-DB59-4EB2-B8CB-40E86D406737}.Debug|Any CPU.ActiveCfg = Debug|Any CPU
		{ADA54801-DB59-4EB2-B8CB-40E86D406737}.Debug|Any CPU.Build.0 = Debug|Any CPU
		{ADA54801-DB59-4EB2-B8CB-40E86D406737}.Release|Any CPU.ActiveCfg = Release|Any CPU
		{ADA54801-DB59-4EB2-B8CB-40E86D406737}.Release|Any CPU.Build.0 = Release|Any CPU
	EndGlobalSection
	GlobalSection(SolutionProperties) = preSolution
		HideSolutionNode = FALSE
	EndGlobalSection
	GlobalSection(ExtensibilityGlobals) = postSolution
		SolutionGuid = {D5677D6A-4DC1-465C-9B99-B8B4E6EA0F42}
	EndGlobalSection
EndGlobal
